<?xml version="1.0" encoding="UTF-8" standalone="yes" ?>
<CodeBlocks_project_file>
   <FileVersion major="1" minor="6" />
   <Project>
      <Option title="my_mono_slam" />
      <Option makefile_is_custom="1" />
      <Option compiler="gcc" />
      <Option virtualFolders="CMake Files\;CMake Files\..\;CMake Files\..\..\;CMake Files\..\..\..\;CMake Files\..\..\..\..\;CMake Files\..\..\..\..\..\;CMake Files\..\..\..\..\..\usr\;CMake Files\..\..\..\..\..\usr\share\;CMake Files\..\..\..\..\..\usr\share\OpenCV\;CMake Files\..\..\..\..\..\usr\local\;CMake Files\..\..\..\..\..\usr\local\share\;CMake Files\..\..\..\..\..\usr\local\share\OpenCV\;CMake Files\..\..\slambook-master\;CMake Files\..\..\slambook-master\3rdparty\;CMake Files\..\..\slambook-master\3rdparty\Sophus\;CMake Files\..\..\slambook-master\3rdparty\Sophus\build\;CMake Files\src\;CMake Files\test\;" />
      <Build>
      <Target title="all">
         <Option working_dir="/home/null/slam/mono-slam-git/mono-slam-vo/qt-build" />
         <Option type="4" />
         <MakeCommands>
            <Build command="/usr/bin/make -f &quot;/home/null/slam/mono-slam-git/mono-slam-vo/qt-build/Makefile&quot;  VERBOSE=1 all" />
            <CompileFile command="/usr/bin/make -f &quot;/home/null/slam/mono-slam-git/mono-slam-vo/qt-build/Makefile&quot;  VERBOSE=1 &quot;$file&quot;" />
            <Clean command="/usr/bin/make -f &quot;/home/null/slam/mono-slam-git/mono-slam-vo/qt-build/Makefile&quot;  VERBOSE=1 clean" />
            <DistClean command="/usr/bin/make -f &quot;/home/null/slam/mono-slam-git/mono-slam-vo/qt-build/Makefile&quot;  VERBOSE=1 clean" />
         </MakeCommands>
      </Target>
      <Target title="rebuild_cache">
         <Option working_dir="/home/null/slam/mono-slam-git/mono-slam-vo/qt-build" />
         <Option type="4" />
         <MakeCommands>
            <Build command="/usr/bin/make -f &quot;/home/null/slam/mono-slam-git/mono-slam-vo/qt-build/Makefile&quot;  VERBOSE=1 rebuild_cache" />
            <CompileFile command="/usr/bin/make -f &quot;/home/null/slam/mono-slam-git/mono-slam-vo/qt-build/Makefile&quot;  VERBOSE=1 &quot;$file&quot;" />
            <Clean command="/usr/bin/make -f &quot;/home/null/slam/mono-slam-git/mono-slam-vo/qt-build/Makefile&quot;  VERBOSE=1 clean" />
            <DistClean command="/usr/bin/make -f &quot;/home/null/slam/mono-slam-git/mono-slam-vo/qt-build/Makefile&quot;  VERBOSE=1 clean" />
         </MakeCommands>
      </Target>
      <Target title="myslam">
         <Option output="/home/null/slam/mono-slam-git/mono-slam-vo/lib/libmyslam.so" prefix_auto="0" extension_auto="0" />
         <Option working_dir="/home/null/slam/mono-slam-git/mono-slam-vo/qt-build/src" />
         <Option object_output="./" />
         <Option type="3" />
         <Option compiler="gcc" />
         <Compiler>
            <Add directory="/home/null/ros_ws/jaco/devel/include" />
            <Add directory="/home/null/slam/mono-slam-git/mono-slam-vo/Thirdparty/g2o" />
            <Add directory="/home/null/slam/mono-slam-git/mono-slam-vo/include" />
            <Add directory="/home/null/slam/slambook-master/3rdparty/Sophus" />
            <Add directory="/opt/ros/indigo/include" />
            <Add directory="/usr/include" />
            <Add directory="/usr/include/c++/4.8" />
            <Add directory="/usr/include/c++/4.8/backward" />
            <Add directory="/usr/include/eigen3" />
            <Add directory="/usr/include/x86_64-linux-gnu" />
            <Add directory="/usr/include/x86_64-linux-gnu/c++/4.8" />
            <Add directory="/usr/lib/gcc/x86_64-linux-gnu/4.8/include" />
            <Add directory="/usr/lib/gcc/x86_64-linux-gnu/4.8/include-fixed" />
            <Add directory="/usr/local/include" />
            <Add directory="/usr/local/include/opencv" />
         </Compiler>
         <MakeCommands>
            <Build command="/usr/bin/make -f &quot;/home/null/slam/mono-slam-git/mono-slam-vo/qt-build/src/Makefile&quot;  VERBOSE=1 myslam" />
            <CompileFile command="/usr/bin/make -f &quot;/home/null/slam/mono-slam-git/mono-slam-vo/qt-build/src/Makefile&quot;  VERBOSE=1 &quot;$file&quot;" />
            <Clean command="/usr/bin/make -f &quot;/home/null/slam/mono-slam-git/mono-slam-vo/qt-build/src/Makefile&quot;  VERBOSE=1 clean" />
            <DistClean command="/usr/bin/make -f &quot;/home/null/slam/mono-slam-git/mono-slam-vo/qt-build/src/Makefile&quot;  VERBOSE=1 clean" />
         </MakeCommands>
      </Target>
      <Target title="myslam/fast">
         <Option output="/home/null/slam/mono-slam-git/mono-slam-vo/lib/libmyslam.so" prefix_auto="0" extension_auto="0" />
         <Option working_dir="/home/null/slam/mono-slam-git/mono-slam-vo/qt-build/src" />
         <Option object_output="./" />
         <Option type="3" />
         <Option compiler="gcc" />
         <Compiler>
            <Add directory="/home/null/ros_ws/jaco/devel/include" />
            <Add directory="/home/null/slam/mono-slam-git/mono-slam-vo/Thirdparty/g2o" />
            <Add directory="/home/null/slam/mono-slam-git/mono-slam-vo/include" />
            <Add directory="/home/null/slam/slambook-master/3rdparty/Sophus" />
            <Add directory="/opt/ros/indigo/include" />
            <Add directory="/usr/include" />
            <Add directory="/usr/include/c++/4.8" />
            <Add directory="/usr/include/c++/4.8/backward" />
            <Add directory="/usr/include/eigen3" />
            <Add directory="/usr/include/x86_64-linux-gnu" />
            <Add directory="/usr/include/x86_64-linux-gnu/c++/4.8" />
            <Add directory="/usr/lib/gcc/x86_64-linux-gnu/4.8/include" />
            <Add directory="/usr/lib/gcc/x86_64-linux-gnu/4.8/include-fixed" />
            <Add directory="/usr/local/include" />
            <Add directory="/usr/local/include/opencv" />
         </Compiler>
         <MakeCommands>
            <Build command="/usr/bin/make -f &quot;/home/null/slam/mono-slam-git/mono-slam-vo/qt-build/src/Makefile&quot;  VERBOSE=1 myslam/fast" />
            <CompileFile command="/usr/bin/make -f &quot;/home/null/slam/mono-slam-git/mono-slam-vo/qt-build/src/Makefile&quot;  VERBOSE=1 &quot;$file&quot;" />
            <Clean command="/usr/bin/make -f &quot;/home/null/slam/mono-slam-git/mono-slam-vo/qt-build/src/Makefile&quot;  VERBOSE=1 clean" />
            <DistClean command="/usr/bin/make -f &quot;/home/null/slam/mono-slam-git/mono-slam-vo/qt-build/src/Makefile&quot;  VERBOSE=1 clean" />
         </MakeCommands>
      </Target>
      <Target title="gentxt">
         <Option output="/home/null/slam/mono-slam-git/mono-slam-vo/bin/gentxt" prefix_auto="0" extension_auto="0" />
         <Option working_dir="/home/null/slam/mono-slam-git/mono-slam-vo/bin" />
         <Option object_output="./" />
         <Option type="1" />
         <Option compiler="gcc" />
         <Compiler>
            <Add directory="/home/null/ros_ws/jaco/devel/include" />
            <Add directory="/home/null/slam/mono-slam-git/mono-slam-vo/Thirdparty/g2o" />
            <Add directory="/home/null/slam/mono-slam-git/mono-slam-vo/include" />
            <Add directory="/home/null/slam/slambook-master/3rdparty/Sophus" />
            <Add directory="/opt/ros/indigo/include" />
            <Add directory="/usr/include" />
            <Add directory="/usr/include/c++/4.8" />
            <Add directory="/usr/include/c++/4.8/backward" />
            <Add directory="/usr/include/eigen3" />
            <Add directory="/usr/include/x86_64-linux-gnu" />
            <Add directory="/usr/include/x86_64-linux-gnu/c++/4.8" />
            <Add directory="/usr/lib/gcc/x86_64-linux-gnu/4.8/include" />
            <Add directory="/usr/lib/gcc/x86_64-linux-gnu/4.8/include-fixed" />
            <Add directory="/usr/local/include" />
            <Add directory="/usr/local/include/opencv" />
         </Compiler>
         <MakeCommands>
            <Build command="/usr/bin/make -f &quot;/home/null/slam/mono-slam-git/mono-slam-vo/qt-build/test/Makefile&quot;  VERBOSE=1 gentxt" />
            <CompileFile command="/usr/bin/make -f &quot;/home/null/slam/mono-slam-git/mono-slam-vo/qt-build/test/Makefile&quot;  VERBOSE=1 &quot;$file&quot;" />
            <Clean command="/usr/bin/make -f &quot;/home/null/slam/mono-slam-git/mono-slam-vo/qt-build/test/Makefile&quot;  VERBOSE=1 clean" />
            <DistClean command="/usr/bin/make -f &quot;/home/null/slam/mono-slam-git/mono-slam-vo/qt-build/test/Makefile&quot;  VERBOSE=1 clean" />
         </MakeCommands>
      </Target>
      <Target title="gentxt/fast">
         <Option output="/home/null/slam/mono-slam-git/mono-slam-vo/bin/gentxt" prefix_auto="0" extension_auto="0" />
         <Option working_dir="/home/null/slam/mono-slam-git/mono-slam-vo/bin" />
         <Option object_output="./" />
         <Option type="1" />
         <Option compiler="gcc" />
         <Compiler>
            <Add directory="/home/null/ros_ws/jaco/devel/include" />
            <Add directory="/home/null/slam/mono-slam-git/mono-slam-vo/Thirdparty/g2o" />
            <Add directory="/home/null/slam/mono-slam-git/mono-slam-vo/include" />
            <Add directory="/home/null/slam/slambook-master/3rdparty/Sophus" />
            <Add directory="/opt/ros/indigo/include" />
            <Add directory="/usr/include" />
            <Add directory="/usr/include/c++/4.8" />
            <Add directory="/usr/include/c++/4.8/backward" />
            <Add directory="/usr/include/eigen3" />
            <Add directory="/usr/include/x86_64-linux-gnu" />
            <Add directory="/usr/include/x86_64-linux-gnu/c++/4.8" />
            <Add directory="/usr/lib/gcc/x86_64-linux-gnu/4.8/include" />
            <Add directory="/usr/lib/gcc/x86_64-linux-gnu/4.8/include-fixed" />
            <Add directory="/usr/local/include" />
            <Add directory="/usr/local/include/opencv" />
         </Compiler>
         <MakeCommands>
            <Build command="/usr/bin/make -f &quot;/home/null/slam/mono-slam-git/mono-slam-vo/qt-build/test/Makefile&quot;  VERBOSE=1 gentxt/fast" />
            <CompileFile command="/usr/bin/make -f &quot;/home/null/slam/mono-slam-git/mono-slam-vo/qt-build/test/Makefile&quot;  VERBOSE=1 &quot;$file&quot;" />
            <Clean command="/usr/bin/make -f &quot;/home/null/slam/mono-slam-git/mono-slam-vo/qt-build/test/Makefile&quot;  VERBOSE=1 clean" />
            <DistClean command="/usr/bin/make -f &quot;/home/null/slam/mono-slam-git/mono-slam-vo/qt-build/test/Makefile&quot;  VERBOSE=1 clean" />
         </MakeCommands>
      </Target>
      <Target title="run_vo">
         <Option output="/home/null/slam/mono-slam-git/mono-slam-vo/bin/run_vo" prefix_auto="0" extension_auto="0" />
         <Option working_dir="/home/null/slam/mono-slam-git/mono-slam-vo/bin" />
         <Option object_output="./" />
         <Option type="1" />
         <Option compiler="gcc" />
         <Compiler>
            <Add directory="/home/null/ros_ws/jaco/devel/include" />
            <Add directory="/home/null/slam/mono-slam-git/mono-slam-vo/Thirdparty/g2o" />
            <Add directory="/home/null/slam/mono-slam-git/mono-slam-vo/include" />
            <Add directory="/home/null/slam/slambook-master/3rdparty/Sophus" />
            <Add directory="/opt/ros/indigo/include" />
            <Add directory="/usr/include" />
            <Add directory="/usr/include/c++/4.8" />
            <Add directory="/usr/include/c++/4.8/backward" />
            <Add directory="/usr/include/eigen3" />
            <Add directory="/usr/include/x86_64-linux-gnu" />
            <Add directory="/usr/include/x86_64-linux-gnu/c++/4.8" />
            <Add directory="/usr/lib/gcc/x86_64-linux-gnu/4.8/include" />
            <Add directory="/usr/lib/gcc/x86_64-linux-gnu/4.8/include-fixed" />
            <Add directory="/usr/local/include" />
            <Add directory="/usr/local/include/opencv" />
         </Compiler>
         <MakeCommands>
            <Build command="/usr/bin/make -f &quot;/home/null/slam/mono-slam-git/mono-slam-vo/qt-build/test/Makefile&quot;  VERBOSE=1 run_vo" />
            <CompileFile command="/usr/bin/make -f &quot;/home/null/slam/mono-slam-git/mono-slam-vo/qt-build/test/Makefile&quot;  VERBOSE=1 &quot;$file&quot;" />
            <Clean command="/usr/bin/make -f &quot;/home/null/slam/mono-slam-git/mono-slam-vo/qt-build/test/Makefile&quot;  VERBOSE=1 clean" />
            <DistClean command="/usr/bin/make -f &quot;/home/null/slam/mono-slam-git/mono-slam-vo/qt-build/test/Makefile&quot;  VERBOSE=1 clean" />
         </MakeCommands>
      </Target>
      <Target title="run_vo/fast">
         <Option output="/home/null/slam/mono-slam-git/mono-slam-vo/bin/run_vo" prefix_auto="0" extension_auto="0" />
         <Option working_dir="/home/null/slam/mono-slam-git/mono-slam-vo/bin" />
         <Option object_output="./" />
         <Option type="1" />
         <Option compiler="gcc" />
         <Compiler>
            <Add directory="/home/null/ros_ws/jaco/devel/include" />
            <Add directory="/home/null/slam/mono-slam-git/mono-slam-vo/Thirdparty/g2o" />
            <Add directory="/home/null/slam/mono-slam-git/mono-slam-vo/include" />
            <Add directory="/home/null/slam/slambook-master/3rdparty/Sophus" />
            <Add directory="/opt/ros/indigo/include" />
            <Add directory="/usr/include" />
            <Add directory="/usr/include/c++/4.8" />
            <Add directory="/usr/include/c++/4.8/backward" />
            <Add directory="/usr/include/eigen3" />
            <Add directory="/usr/include/x86_64-linux-gnu" />
            <Add directory="/usr/include/x86_64-linux-gnu/c++/4.8" />
            <Add directory="/usr/lib/gcc/x86_64-linux-gnu/4.8/include" />
            <Add directory="/usr/lib/gcc/x86_64-linux-gnu/4.8/include-fixed" />
            <Add directory="/usr/local/include" />
            <Add directory="/usr/local/include/opencv" />
         </Compiler>
         <MakeCommands>
            <Build command="/usr/bin/make -f &quot;/home/null/slam/mono-slam-git/mono-slam-vo/qt-build/test/Makefile&quot;  VERBOSE=1 run_vo/fast" />
            <CompileFile command="/usr/bin/make -f &quot;/home/null/slam/mono-slam-git/mono-slam-vo/qt-build/test/Makefile&quot;  VERBOSE=1 &quot;$file&quot;" />
            <Clean command="/usr/bin/make -f &quot;/home/null/slam/mono-slam-git/mono-slam-vo/qt-build/test/Makefile&quot;  VERBOSE=1 clean" />
            <DistClean command="/usr/bin/make -f &quot;/home/null/slam/mono-slam-git/mono-slam-vo/qt-build/test/Makefile&quot;  VERBOSE=1 clean" />
         </MakeCommands>
      </Target>
      </Build>
      <Unit filename="/home/null/slam/mono-slam-git/mono-slam-vo/src/camera.cpp">
      </Unit>
      <Unit filename="/home/null/slam/mono-slam-git/mono-slam-vo/src/config.cpp">
      </Unit>
      <Unit filename="/home/null/slam/mono-slam-git/mono-slam-vo/src/frame.cpp">
      </Unit>
      <Unit filename="/home/null/slam/mono-slam-git/mono-slam-vo/src/g2o_types.cpp">
      </Unit>
      <Unit filename="/home/null/slam/mono-slam-git/mono-slam-vo/src/map.cpp">
      </Unit>
      <Unit filename="/home/null/slam/mono-slam-git/mono-slam-vo/src/mappoint.cpp">
      </Unit>
      <Unit filename="/home/null/slam/mono-slam-git/mono-slam-vo/src/visual_odometry.cpp">
      </Unit>
      <Unit filename="/home/null/slam/mono-slam-git/mono-slam-vo/test/gentxt.cpp">
      </Unit>
      <Unit filename="/home/null/slam/mono-slam-git/mono-slam-vo/test/run_vo.cpp">
      </Unit>
      <Unit filename="/home/null/slam/mono-slam-git/mono-slam-vo/CMakeLists.txt">
          <Option virtualFolder="CMake Files\" />
      </Unit>
      <Unit filename="/home/null/slam/mono-slam-git/mono-slam-vo/../../../../../usr/share/OpenCV/OpenCVConfig-version.cmake">
          <Option virtualFolder="CMake Files\..\..\..\..\..\usr\share\OpenCV\" />
      </Unit>
      <Unit filename="/home/null/slam/mono-slam-git/mono-slam-vo/../../../../../usr/local/share/OpenCV/OpenCVConfig-version.cmake">
          <Option virtualFolder="CMake Files\..\..\..\..\..\usr\local\share\OpenCV\" />
      </Unit>
      <Unit filename="/home/null/slam/mono-slam-git/mono-slam-vo/../../../../../usr/local/share/OpenCV/OpenCVConfig.cmake">
          <Option virtualFolder="CMake Files\..\..\..\..\..\usr\local\share\OpenCV\" />
      </Unit>
      <Unit filename="/home/null/slam/mono-slam-git/mono-slam-vo/../../../../../usr/local/share/OpenCV/OpenCVModules.cmake">
          <Option virtualFolder="CMake Files\..\..\..\..\..\usr\local\share\OpenCV\" />
      </Unit>
      <Unit filename="/home/null/slam/mono-slam-git/mono-slam-vo/../../../../../usr/local/share/OpenCV/OpenCVModules-release.cmake">
          <Option virtualFolder="CMake Files\..\..\..\..\..\usr\local\share\OpenCV\" />
      </Unit>
      <Unit filename="/home/null/slam/mono-slam-git/mono-slam-vo/../../slambook-master/3rdparty/Sophus/build/SophusConfig.cmake">
          <Option virtualFolder="CMake Files\..\..\slambook-master\3rdparty\Sophus\build\" />
      </Unit>
      <Unit filename="/home/null/slam/mono-slam-git/mono-slam-vo/src/CMakeLists.txt">
          <Option virtualFolder="CMake Files\src\" />
      </Unit>
      <Unit filename="/home/null/slam/mono-slam-git/mono-slam-vo/test/CMakeLists.txt">
          <Option virtualFolder="CMake Files\test\" />
      </Unit>
   </Project>
</CodeBlocks_project_file>
